// !$*UTF8*$!
{
	archiveVersion = 1;
	classes = {
	};
	objectVersion = 46;
	objects = {

/* Begin PBXBuildFile section */
		F6DBA1561D3FBE1B002BDABD /* main.cpp in Sources */ = {isa = PBXBuildFile; fileRef = F6DBA1551D3FBE1B002BDABD /* main.cpp */; };
		F6DBA15D1D3FBE39002BDABD /* sqlite3-all.c in Sources */ = {isa = PBXBuildFile; fileRef = F6DBA15C1D3FBE39002BDABD /* sqlite3-all.c */; };
		F6DBA18D1D3FC122002BDABD /* common.cpp in Sources */ = {isa = PBXBuildFile; fileRef = F6DBA18C1D3FC122002BDABD /* common.cpp */; };
/* End PBXBuildFile section */

/* Begin PBXCopyFilesBuildPhase section */
		F6DBA1501D3FBE1B002BDABD /* CopyFiles */ = {
			isa = PBXCopyFilesBuildPhase;
			buildActionMask = 2147483647;
			dstPath = /usr/share/man/man1/;
			dstSubfolderSpec = 0;
			files = (
			);
			runOnlyForDeploymentPostprocessing = 1;
		};
/* End PBXCopyFilesBuildPhase section */

/* Begin PBXFileReference section */
		F6DBA1521D3FBE1B002BDABD /* sqlite_test */ = {isa = PBXFileReference; explicitFileType = "compiled.mach-o.executable"; includeInIndex = 0; path = sqlite_test; sourceTree = BUILT_PRODUCTS_DIR; };
		F6DBA1551D3FBE1B002BDABD /* main.cpp */ = {isa = PBXFileReference; lastKnownFileType = sourcecode.cpp.cpp; path = main.cpp; sourceTree = "<group>"; };
		F6DBA15C1D3FBE39002BDABD /* sqlite3-all.c */ = {isa = PBXFileReference; fileEncoding = 4; lastKnownFileType = sourcecode.c.c; name = "sqlite3-all.c"; path = "../../../splited/sqlite3-all.c"; sourceTree = "<group>"; };
		F6DBA15F1D3FBE52002BDABD /* sqlite3-1.c */ = {isa = PBXFileReference; lastKnownFileType = sourcecode.c.c; name = "sqlite3-1.c"; path = "../../../splited/sqlite3-1.c"; sourceTree = "<group>"; };
		F6DBA1601D3FBE52002BDABD /* sqlite3-2.c */ = {isa = PBXFileReference; lastKnownFileType = sourcecode.c.c; name = "sqlite3-2.c"; path = "../../../splited/sqlite3-2.c"; sourceTree = "<group>"; };
		F6DBA1611D3FBE52002BDABD /* sqlite3-3.c */ = {isa = PBXFileReference; lastKnownFileType = sourcecode.c.c; name = "sqlite3-3.c"; path = "../../../splited/sqlite3-3.c"; sourceTree = "<group>"; };
		F6DBA1621D3FBE52002BDABD /* sqlite3-4.c */ = {isa = PBXFileReference; lastKnownFileType = sourcecode.c.c; name = "sqlite3-4.c"; path = "../../../splited/sqlite3-4.c"; sourceTree = "<group>"; };
		F6DBA1631D3FBE52002BDABD /* sqlite3-5.c */ = {isa = PBXFileReference; lastKnownFileType = sourcecode.c.c; name = "sqlite3-5.c"; path = "../../../splited/sqlite3-5.c"; sourceTree = "<group>"; };
		F6DBA1641D3FBE52002BDABD /* sqlite3-6.c */ = {isa = PBXFileReference; lastKnownFileType = sourcecode.c.c; name = "sqlite3-6.c"; path = "../../../splited/sqlite3-6.c"; sourceTree = "<group>"; };
		F6DBA1651D3FBE52002BDABD /* sqlite3-7.c */ = {isa = PBXFileReference; lastKnownFileType = sourcecode.c.c; name = "sqlite3-7.c"; path = "../../../splited/sqlite3-7.c"; sourceTree = "<group>"; };
		F6DBA1661D3FBE52002BDABD /* sqlite3-8.c */ = {isa = PBXFileReference; lastKnownFileType = sourcecode.c.c; name = "sqlite3-8.c"; path = "../../../splited/sqlite3-8.c"; sourceTree = "<group>"; };
		F6DBA1671D3FBE52002BDABD /* sqlite3-9.c */ = {isa = PBXFileReference; lastKnownFileType = sourcecode.c.c; name = "sqlite3-9.c"; path = "../../../splited/sqlite3-9.c"; sourceTree = "<group>"; };
		F6DBA1681D3FBE52002BDABD /* sqlite3-10.c */ = {isa = PBXFileReference; lastKnownFileType = sourcecode.c.c; name = "sqlite3-10.c"; path = "../../../splited/sqlite3-10.c"; sourceTree = "<group>"; };
		F6DBA1691D3FBE52002BDABD /* sqlite3-11.c */ = {isa = PBXFileReference; lastKnownFileType = sourcecode.c.c; name = "sqlite3-11.c"; path = "../../../splited/sqlite3-11.c"; sourceTree = "<group>"; };
		F6DBA16A1D3FBE52002BDABD /* sqlite3-12.c */ = {isa = PBXFileReference; lastKnownFileType = sourcecode.c.c; name = "sqlite3-12.c"; path = "../../../splited/sqlite3-12.c"; sourceTree = "<group>"; };
		F6DBA16B1D3FBE52002BDABD /* sqlite3-13.c */ = {isa = PBXFileReference; lastKnownFileType = sourcecode.c.c; name = "sqlite3-13.c"; path = "../../../splited/sqlite3-13.c"; sourceTree = "<group>"; };
		F6DBA16C1D3FBE52002BDABD /* sqlite3-14.c */ = {isa = PBXFileReference; lastKnownFileType = sourcecode.c.c; name = "sqlite3-14.c"; path = "../../../splited/sqlite3-14.c"; sourceTree = "<group>"; };
		F6DBA16D1D3FBE52002BDABD /* sqlite3-15.c */ = {isa = PBXFileReference; lastKnownFileType = sourcecode.c.c; name = "sqlite3-15.c"; path = "../../../splited/sqlite3-15.c"; sourceTree = "<group>"; };
		F6DBA16E1D3FBE52002BDABD /* sqlite3-16.c */ = {isa = PBXFileReference; lastKnownFileType = sourcecode.c.c; name = "sqlite3-16.c"; path = "../../../splited/sqlite3-16.c"; sourceTree = "<group>"; };
		F6DBA16F1D3FBE52002BDABD /* sqlite3-17.c */ = {isa = PBXFileReference; lastKnownFileType = sourcecode.c.c; name = "sqlite3-17.c"; path = "../../../splited/sqlite3-17.c"; sourceTree = "<group>"; };
		F6DBA1701D3FBE52002BDABD /* sqlite3-18.c */ = {isa = PBXFileReference; lastKnownFileType = sourcecode.c.c; name = "sqlite3-18.c"; path = "../../../splited/sqlite3-18.c"; sourceTree = "<group>"; };
		F6DBA1711D3FBE52002BDABD /* sqlite3-19.c */ = {isa = PBXFileReference; lastKnownFileType = sourcecode.c.c; name = "sqlite3-19.c"; path = "../../../splited/sqlite3-19.c"; sourceTree = "<group>"; };
		F6DBA1721D3FBE52002BDABD /* sqlite3-20.c */ = {isa = PBXFileReference; lastKnownFileType = sourcecode.c.c; name = "sqlite3-20.c"; path = "../../../splited/sqlite3-20.c"; sourceTree = "<group>"; };
		F6DBA1731D3FBE52002BDABD /* sqlite3-21.c */ = {isa = PBXFileReference; lastKnownFileType = sourcecode.c.c; name = "sqlite3-21.c"; path = "../../../splited/sqlite3-21.c"; sourceTree = "<group>"; };
		F6DBA1741D3FBE52002BDABD /* sqlite3-22.c */ = {isa = PBXFileReference; lastKnownFileType = sourcecode.c.c; name = "sqlite3-22.c"; path = "../../../splited/sqlite3-22.c"; sourceTree = "<group>"; };
		F6DBA1751D3FBE52002BDABD /* sqlite3-23.c */ = {isa = PBXFileReference; lastKnownFileType = sourcecode.c.c; name = "sqlite3-23.c"; path = "../../../splited/sqlite3-23.c"; sourceTree = "<group>"; };
		F6DBA1761D3FBE52002BDABD /* sqlite3-24.c */ = {isa = PBXFileReference; lastKnownFileType = sourcecode.c.c; name = "sqlite3-24.c"; path = "../../../splited/sqlite3-24.c"; sourceTree = "<group>"; };
		F6DBA1771D3FBE52002BDABD /* sqlite3-25.c */ = {isa = PBXFileReference; lastKnownFileType = sourcecode.c.c; name = "sqlite3-25.c"; path = "../../../splited/sqlite3-25.c"; sourceTree = "<group>"; };
		F6DBA1781D3FBE52002BDABD /* sqlite3-26.c */ = {isa = PBXFileReference; lastKnownFileType = sourcecode.c.c; name = "sqlite3-26.c"; path = "../../../splited/sqlite3-26.c"; sourceTree = "<group>"; };
		F6DBA1791D3FBE52002BDABD /* sqlite3-27.c */ = {isa = PBXFileReference; lastKnownFileType = sourcecode.c.c; name = "sqlite3-27.c"; path = "../../../splited/sqlite3-27.c"; sourceTree = "<group>"; };
		F6DBA17A1D3FBE52002BDABD /* sqlite3-28.c */ = {isa = PBXFileReference; lastKnownFileType = sourcecode.c.c; name = "sqlite3-28.c"; path = "../../../splited/sqlite3-28.c"; sourceTree = "<group>"; };
		F6DBA17B1D3FBE52002BDABD /* sqlite3-29.c */ = {isa = PBXFileReference; lastKnownFileType = sourcecode.c.c; name = "sqlite3-29.c"; path = "../../../splited/sqlite3-29.c"; sourceTree = "<group>"; };
		F6DBA17C1D3FBE52002BDABD /* sqlite3-30.c */ = {isa = PBXFileReference; lastKnownFileType = sourcecode.c.c; name = "sqlite3-30.c"; path = "../../../splited/sqlite3-30.c"; sourceTree = "<group>"; };
		F6DBA17D1D3FBE52002BDABD /* sqlite3-31.c */ = {isa = PBXFileReference; lastKnownFileType = sourcecode.c.c; name = "sqlite3-31.c"; path = "../../../splited/sqlite3-31.c"; sourceTree = "<group>"; };
		F6DBA17E1D3FBE52002BDABD /* sqlite3-32.c */ = {isa = PBXFileReference; lastKnownFileType = sourcecode.c.c; name = "sqlite3-32.c"; path = "../../../splited/sqlite3-32.c"; sourceTree = "<group>"; };
		F6DBA17F1D3FBE52002BDABD /* sqlite3-33.c */ = {isa = PBXFileReference; lastKnownFileType = sourcecode.c.c; name = "sqlite3-33.c"; path = "../../../splited/sqlite3-33.c"; sourceTree = "<group>"; };
		F6DBA1801D3FBE52002BDABD /* sqlite3-34.c */ = {isa = PBXFileReference; lastKnownFileType = sourcecode.c.c; name = "sqlite3-34.c"; path = "../../../splited/sqlite3-34.c"; sourceTree = "<group>"; };
		F6DBA1811D3FBE52002BDABD /* sqlite3-35.c */ = {isa = PBXFileReference; lastKnownFileType = sourcecode.c.c; name = "sqlite3-35.c"; path = "../../../splited/sqlite3-35.c"; sourceTree = "<group>"; };
		F6DBA1821D3FBE52002BDABD /* sqlite3-36.c */ = {isa = PBXFileReference; lastKnownFileType = sourcecode.c.c; name = "sqlite3-36.c"; path = "../../../splited/sqlite3-36.c"; sourceTree = "<group>"; };
		F6DBA1831D3FBE52002BDABD /* sqlite3-37.c */ = {isa = PBXFileReference; lastKnownFileType = sourcecode.c.c; name = "sqlite3-37.c"; path = "../../../splited/sqlite3-37.c"; sourceTree = "<group>"; };
		F6DBA1841D3FBE52002BDABD /* sqlite3-38.c */ = {isa = PBXFileReference; lastKnownFileType = sourcecode.c.c; name = "sqlite3-38.c"; path = "../../../splited/sqlite3-38.c"; sourceTree = "<group>"; };
		F6DBA1851D3FBE52002BDABD /* sqlite3-39.c */ = {isa = PBXFileReference; lastKnownFileType = sourcecode.c.c; name = "sqlite3-39.c"; path = "../../../splited/sqlite3-39.c"; sourceTree = "<group>"; };
		F6DBA1861D3FBE66002BDABD /* sqlite3.h */ = {isa = PBXFileReference; lastKnownFileType = sourcecode.c.h; name = sqlite3.h; path = ../../../sqlite3.h; sourceTree = "<group>"; };
		F6DBA1881D3FBE6F002BDABD /* common.h */ = {isa = PBXFileReference; fileEncoding = 4; lastKnownFileType = sourcecode.c.h; name = common.h; path = ../../../common/common.h; sourceTree = "<group>"; };
		F6DBA18C1D3FC122002BDABD /* common.cpp */ = {isa = PBXFileReference; fileEncoding = 4; lastKnownFileType = sourcecode.cpp.cpp; name = common.cpp; path = ../../../common/common.cpp; sourceTree = "<group>"; };
/* End PBXFileReference section */

/* Begin PBXFrameworksBuildPhase section */
		F6DBA14F1D3FBE1B002BDABD /* Frameworks */ = {
			isa = PBXFrameworksBuildPhase;
			buildActionMask = 2147483647;
			files = (
			);
			runOnlyForDeploymentPostprocessing = 0;
		};
/* End PBXFrameworksBuildPhase section */

/* Begin PBXGroup section */
		F6DBA1491D3FBE1B002BDABD = {
			isa = PBXGroup;
			children = (
				F6DBA1541D3FBE1B002BDABD /* sqlite_test */,
				F6DBA1531D3FBE1B002BDABD /* Products */,
			);
			sourceTree = "<group>";
		};
		F6DBA1531D3FBE1B002BDABD /* Products */ = {
			isa = PBXGroup;
			children = (
				F6DBA1521D3FBE1B002BDABD /* sqlite_test */,
			);
			name = Products;
			sourceTree = "<group>";
		};
		F6DBA1541D3FBE1B002BDABD /* sqlite_test */ = {
			isa = PBXGroup;
			children = (
				F6DBA1861D3FBE66002BDABD /* sqlite3.h */,
				F6DBA1881D3FBE6F002BDABD /* common.h */,
				F6DBA18C1D3FC122002BDABD /* common.cpp */,
				F6DBA15E1D3FBE48002BDABD /* splited */,
				F6DBA1551D3FBE1B002BDABD /* main.cpp */,
			);
			path = sqlite_test;
			sourceTree = "<group>";
		};
		F6DBA15E1D3FBE48002BDABD /* splited */ = {
			isa = PBXGroup;
			children = (
				F6DBA15F1D3FBE52002BDABD /* sqlite3-1.c */,
				F6DBA1601D3FBE52002BDABD /* sqlite3-2.c */,
				F6DBA1611D3FBE52002BDABD /* sqlite3-3.c */,
				F6DBA1621D3FBE52002BDABD /* sqlite3-4.c */,
				F6DBA1631D3FBE52002BDABD /* sqlite3-5.c */,
				F6DBA1641D3FBE52002BDABD /* sqlite3-6.c */,
				F6DBA1651D3FBE52002BDABD /* sqlite3-7.c */,
				F6DBA1661D3FBE52002BDABD /* sqlite3-8.c */,
				F6DBA1671D3FBE52002BDABD /* sqlite3-9.c */,
				F6DBA1681D3FBE52002BDABD /* sqlite3-10.c */,
				F6DBA1691D3FBE52002BDABD /* sqlite3-11.c */,
				F6DBA16A1D3FBE52002BDABD /* sqlite3-12.c */,
				F6DBA16B1D3FBE52002BDABD /* sqlite3-13.c */,
				F6DBA16C1D3FBE52002BDABD /* sqlite3-14.c */,
				F6DBA16D1D3FBE52002BDABD /* sqlite3-15.c */,
				F6DBA16E1D3FBE52002BDABD /* sqlite3-16.c */,
				F6DBA16F1D3FBE52002BDABD /* sqlite3-17.c */,
				F6DBA1701D3FBE52002BDABD /* sqlite3-18.c */,
				F6DBA1711D3FBE52002BDABD /* sqlite3-19.c */,
				F6DBA1721D3FBE52002BDABD /* sqlite3-20.c */,
				F6DBA1731D3FBE52002BDABD /* sqlite3-21.c */,
				F6DBA1741D3FBE52002BDABD /* sqlite3-22.c */,
				F6DBA1751D3FBE52002BDABD /* sqlite3-23.c */,
				F6DBA1761D3FBE52002BDABD /* sqlite3-24.c */,
				F6DBA1771D3FBE52002BDABD /* sqlite3-25.c */,
				F6DBA1781D3FBE52002BDABD /* sqlite3-26.c */,
				F6DBA1791D3FBE52002BDABD /* sqlite3-27.c */,
				F6DBA17A1D3FBE52002BDABD /* sqlite3-28.c */,
				F6DBA17B1D3FBE52002BDABD /* sqlite3-29.c */,
				F6DBA17C1D3FBE52002BDABD /* sqlite3-30.c */,
				F6DBA17D1D3FBE52002BDABD /* sqlite3-31.c */,
				F6DBA17E1D3FBE52002BDABD /* sqlite3-32.c */,
				F6DBA17F1D3FBE52002BDABD /* sqlite3-33.c */,
				F6DBA1801D3FBE52002BDABD /* sqlite3-34.c */,
				F6DBA1811D3FBE52002BDABD /* sqlite3-35.c */,
				F6DBA1821D3FBE52002BDABD /* sqlite3-36.c */,
				F6DBA1831D3FBE52002BDABD /* sqlite3-37.c */,
				F6DBA1841D3FBE52002BDABD /* sqlite3-38.c */,
				F6DBA1851D3FBE52002BDABD /* sqlite3-39.c */,
				F6DBA15C1D3FBE39002BDABD /* sqlite3-all.c */,
			);
			name = splited;
			sourceTree = "<group>";
		};
/* End PBXGroup section */

/* Begin PBXNativeTarget section */
		F6DBA1511D3FBE1B002BDABD /* sqlite_test */ = {
			isa = PBXNativeTarget;
			buildConfigurationList = F6DBA1591D3FBE1B002BDABD /* Build configuration list for PBXNativeTarget "sqlite_test" */;
			buildPhases = (
				F6DBA14E1D3FBE1B002BDABD /* Sources */,
				F6DBA14F1D3FBE1B002BDABD /* Frameworks */,
				F6DBA1501D3FBE1B002BDABD /* CopyFiles */,
			);
			buildRules = (
			);
			dependencies = (
			);
			name = sqlite_test;
			productName = sqlite_test;
			productReference = F6DBA1521D3FBE1B002BDABD /* sqlite_test */;
			productType = "com.apple.product-type.tool";
		};
/* End PBXNativeTarget section */

/* Begin PBXProject section */
		F6DBA14A1D3FBE1B002BDABD /* Project object */ = {
			isa = PBXProject;
			attributes = {
				LastUpgradeCheck = 0730;
				ORGANIZATIONNAME = Purple;
				TargetAttributes = {
					F6DBA1511D3FBE1B002BDABD = {
						CreatedOnToolsVersion = 7.3.1;
					};
				};
			};
			buildConfigurationList = F6DBA14D1D3FBE1B002BDABD /* Build configuration list for PBXProject "sqlite_test" */;
			compatibilityVersion = "Xcode 3.2";
			developmentRegion = English;
			hasScannedForEncodings = 0;
			knownRegions = (
				en,
			);
			mainGroup = F6DBA1491D3FBE1B002BDABD;
			productRefGroup = F6DBA1531D3FBE1B002BDABD /* Products */;
			projectDirPath = "";
			projectRoot = "";
			targets = (
				F6DBA1511D3FBE1B002BDABD /* sqlite_test */,
			);
		};
/* End PBXProject section */

/* Begin PBXSourcesBuildPhase section */
		F6DBA14E1D3FBE1B002BDABD /* Sources */ = {
			isa = PBXSourcesBuildPhase;
			buildActionMask = 2147483647;
			files = (
				F6DBA1561D3FBE1B002BDABD /* main.cpp in Sources */,
				F6DBA18D1D3FC122002BDABD /* common.cpp in Sources */,
				F6DBA15D1D3FBE39002BDABD /* sqlite3-all.c in Sources */,
			);
			runOnlyForDeploymentPostprocessing = 0;
		};
/* End PBXSourcesBuildPhase section */

/* Begin XCBuildConfiguration section */
		F6DBA1571D3FBE1B002BDABD /* Debug */ = {
			isa = XCBuildConfiguration;
			buildSettings = {
				ALWAYS_SEARCH_USER_PATHS = NO;
				CLANG_ANALYZER_NONNULL = YES;
				CLANG_CXX_LANGUAGE_STANDARD = "gnu++0x";
				CLANG_CXX_LIBRARY = "libc++";
				CLANG_ENABLE_MODULES = YES;
				CLANG_ENABLE_OBJC_ARC = YES;
				CLANG_WARN_BOOL_CONVERSION = YES;
				CLANG_WARN_CONSTANT_CONVERSION = YES;
				CLANG_WARN_DIRECT_OBJC_ISA_USAGE = YES_ERROR;
				CLANG_WARN_EMPTY_BODY = YES;
				CLANG_WARN_ENUM_CONVERSION = YES;
				CLANG_WARN_INT_CONVERSION = YES;
				CLANG_WARN_OBJC_ROOT_CLASS = YES_ERROR;
				CLANG_WARN_UNREACHABLE_CODE = YES;
				CLANG_WARN__DUPLICATE_METHOD_MATCH = YES;
				CODE_SIGN_IDENTITY = "-";
				COPY_PHASE_STRIP = NO;
				DEBUG_INFORMATION_FORMAT = dwarf;
				ENABLE_STRICT_OBJC_MSGSEND = YES;
				ENABLE_TESTABILITY = YES;
				GCC_C_LANGUAGE_STANDARD = gnu99;
				GCC_DYNAMIC_NO_PIC = NO;
				GCC_NO_COMMON_BLOCKS = YES;
				GCC_OPTIMIZATION_LEVEL = 0;
				GCC_PREPROCESSOR_DEFINITIONS = (
					"DEBUG=1",
					"$(inherited)",
				);
				GCC_WARN_64_TO_32_BIT_CONVERSION = YES;
				GCC_WARN_ABOUT_RETURN_TYPE = YES_ERROR;
				GCC_WARN_UNDECLARED_SELECTOR = YES;
				GCC_WARN_UNINITIALIZED_AUTOS = YES_AGGRESSIVE;
				GCC_WARN_UNUSED_FUNCTION = YES;
				GCC_WARN_UNUSED_VARIABLE = YES;
				MACOSX_DEPLOYMENT_TARGET = 10.11;
				MTL_ENABLE_DEBUG_INFO = YES;
				ONLY_ACTIVE_ARCH = YES;
				SDKROOT = macosx;
			};
			name = Debug;
		};
		F6DBA1581D3FBE1B002BDABD /* Release */ = {
			isa = XCBuildConfiguration;
			buildSettings = {
				ALWAYS_SEARCH_USER_PATHS = NO;
				CLANG_ANALYZER_NONNULL = YES;
				CLANG_CXX_LANGUAGE_STANDARD = "gnu++0x";
				CLANG_CXX_LIBRARY = "libc++";
				CLANG_ENABLE_MODULES = YES;
				CLANG_ENABLE_OBJC_ARC = YES;
				CLANG_WARN_BOOL_CONVERSION = YES;
				CLANG_WARN_CONSTANT_CONVERSION = YES;
				CLANG_WARN_DIRECT_OBJC_ISA_USAGE = YES_ERROR;
				CLANG_WARN_EMPTY_BODY = YES;
				CLANG_WARN_ENUM_CONVERSION = YES;
				CLANG_WARN_INT_CONVERSION = YES;
				CLANG_WARN_OBJC_ROOT_CLASS = YES_ERROR;
				CLANG_WARN_UNREACHABLE_CODE = YES;
				CLANG_WARN__DUPLICATE_METHOD_MATCH = YES;
				CODE_SIGN_IDENTITY = "-";
				COPY_PHASE_STRIP = NO;
				DEBUG_INFORMATION_FORMAT = "dwarf-with-dsym";
				ENABLE_NS_ASSERTIONS = NO;
				ENABLE_STRICT_OBJC_MSGSEND = YES;
				GCC_C_LANGUAGE_STANDARD = gnu99;
				GCC_NO_COMMON_BLOCKS = YES;
				GCC_WARN_64_TO_32_BIT_CONVERSION = YES;
				GCC_WARN_ABOUT_RETURN_TYPE = YES_ERROR;
				GCC_WARN_UNDECLARED_SELECTOR = YES;
				GCC_WARN_UNINITIALIZED_AUTOS = YES_AGGRESSIVE;
				GCC_WARN_UNUSED_FUNCTION = YES;
				GCC_WARN_UNUSED_VARIABLE = YES;
				MACOSX_DEPLOYMENT_TARGET = 10.11;
				MTL_ENABLE_DEBUG_INFO = NO;
				SDKROOT = macosx;
			};
			name = Release;
		};
		F6DBA15A1D3FBE1B002BDABD /* Debug */ = {
			isa = XCBuildConfiguration;
			buildSettings = {
				GCC_WARN_64_TO_32_BIT_CONVERSION = NO;
				OTHER_CFLAGS = "-Wno-ambiguous-macro";
				PRODUCT_NAME = "$(TARGET_NAME)";
			};
			name = Debug;
		};
		F6DBA15B1D3FBE1B002BDABD /* Release */ = {
			isa = XCBuildConfiguration;
			buildSettings = {
				GCC_WARN_64_TO_32_BIT_CONVERSION = NO;
				OTHER_CFLAGS = "-Wno-ambiguous-macro";
				PRODUCT_NAME = "$(TARGET_NAME)";
			};
			name = Release;
		};
/* End XCBuildConfiguration section */

/* Begin XCConfigurationList section */
		F6DBA14D1D3FBE1B002BDABD /* Build configuration list for PBXProject "sqlite_test" */ = {
			isa = XCConfigurationList;
			buildConfigurations = (
				F6DBA1571D3FBE1B002BDABD /* Debug */,
				F6DBA1581D3FBE1B002BDABD /* Release */,
			);
			defaultConfigurationIsVisible = 0;
			defaultConfigurationName = Release;
		};
		F6DBA1591D3FBE1B002BDABD /* Build configuration list for PBXNativeTarget "sqlite_test" */ = {
			isa = XCConfigurationList;
			buildConfigurations = (
				F6DBA15A1D3FBE1B002BDABD /* Debug */,
				F6DBA15B1D3FBE1B002BDABD /* Release */,
			);
			defaultConfigurationIsVisible = 0;
			defaultConfigurationName = Release;
		};
/* End XCConfigurationList section */
	};
	rootObject = F6DBA14A1D3FBE1B002BDABD /* Project object */;
}
