// !$*UTF8*$!
{
	archiveVersion = 1;
	classes = {
	};
	objectVersion = 46;
	objects = {

/* Begin PBXBuildFile section */
		F64FB76F1D63049300E9E36E /* sqlite3-1.c in Sources */ = {isa = PBXBuildFile; fileRef = F64FB7471D63049300E9E36E /* sqlite3-1.c */; };
		F64FB7701D63049300E9E36E /* sqlite3-2.c in Sources */ = {isa = PBXBuildFile; fileRef = F64FB7481D63049300E9E36E /* sqlite3-2.c */; };
		F64FB7711D63049300E9E36E /* sqlite3-3.c in Sources */ = {isa = PBXBuildFile; fileRef = F64FB7491D63049300E9E36E /* sqlite3-3.c */; };
		F64FB7721D63049300E9E36E /* sqlite3-4.c in Sources */ = {isa = PBXBuildFile; fileRef = F64FB74A1D63049300E9E36E /* sqlite3-4.c */; };
		F64FB7731D63049300E9E36E /* sqlite3-5.c in Sources */ = {isa = PBXBuildFile; fileRef = F64FB74B1D63049300E9E36E /* sqlite3-5.c */; };
		F64FB7741D63049300E9E36E /* sqlite3-6.c in Sources */ = {isa = PBXBuildFile; fileRef = F64FB74C1D63049300E9E36E /* sqlite3-6.c */; };
		F64FB7751D63049300E9E36E /* sqlite3-7.c in Sources */ = {isa = PBXBuildFile; fileRef = F64FB74D1D63049300E9E36E /* sqlite3-7.c */; };
		F64FB7761D63049300E9E36E /* sqlite3-8.c in Sources */ = {isa = PBXBuildFile; fileRef = F64FB74E1D63049300E9E36E /* sqlite3-8.c */; };
		F64FB7771D63049300E9E36E /* sqlite3-9.c in Sources */ = {isa = PBXBuildFile; fileRef = F64FB74F1D63049300E9E36E /* sqlite3-9.c */; };
		F64FB7781D63049300E9E36E /* sqlite3-10.c in Sources */ = {isa = PBXBuildFile; fileRef = F64FB7501D63049300E9E36E /* sqlite3-10.c */; };
		F64FB7791D63049300E9E36E /* sqlite3-11.c in Sources */ = {isa = PBXBuildFile; fileRef = F64FB7511D63049300E9E36E /* sqlite3-11.c */; };
		F64FB77A1D63049300E9E36E /* sqlite3-12.c in Sources */ = {isa = PBXBuildFile; fileRef = F64FB7521D63049300E9E36E /* sqlite3-12.c */; };
		F64FB77B1D63049300E9E36E /* sqlite3-13.c in Sources */ = {isa = PBXBuildFile; fileRef = F64FB7531D63049300E9E36E /* sqlite3-13.c */; };
		F64FB77C1D63049300E9E36E /* sqlite3-14.c in Sources */ = {isa = PBXBuildFile; fileRef = F64FB7541D63049300E9E36E /* sqlite3-14.c */; };
		F64FB77D1D63049300E9E36E /* sqlite3-15.c in Sources */ = {isa = PBXBuildFile; fileRef = F64FB7551D63049300E9E36E /* sqlite3-15.c */; };
		F64FB77E1D63049300E9E36E /* sqlite3-16.c in Sources */ = {isa = PBXBuildFile; fileRef = F64FB7561D63049300E9E36E /* sqlite3-16.c */; };
		F64FB77F1D63049300E9E36E /* sqlite3-17.c in Sources */ = {isa = PBXBuildFile; fileRef = F64FB7571D63049300E9E36E /* sqlite3-17.c */; };
		F64FB7801D63049300E9E36E /* sqlite3-18.c in Sources */ = {isa = PBXBuildFile; fileRef = F64FB7581D63049300E9E36E /* sqlite3-18.c */; };
		F64FB7811D63049300E9E36E /* sqlite3-19.c in Sources */ = {isa = PBXBuildFile; fileRef = F64FB7591D63049300E9E36E /* sqlite3-19.c */; };
		F64FB7821D63049300E9E36E /* sqlite3-20.c in Sources */ = {isa = PBXBuildFile; fileRef = F64FB75A1D63049300E9E36E /* sqlite3-20.c */; };
		F64FB7831D63049300E9E36E /* sqlite3-21.c in Sources */ = {isa = PBXBuildFile; fileRef = F64FB75B1D63049300E9E36E /* sqlite3-21.c */; };
		F64FB7841D63049300E9E36E /* sqlite3-22.c in Sources */ = {isa = PBXBuildFile; fileRef = F64FB75C1D63049300E9E36E /* sqlite3-22.c */; };
		F64FB7851D63049300E9E36E /* sqlite3-23.c in Sources */ = {isa = PBXBuildFile; fileRef = F64FB75D1D63049300E9E36E /* sqlite3-23.c */; };
		F64FB7861D63049300E9E36E /* sqlite3-24.c in Sources */ = {isa = PBXBuildFile; fileRef = F64FB75E1D63049300E9E36E /* sqlite3-24.c */; };
		F64FB7871D63049300E9E36E /* sqlite3-25.c in Sources */ = {isa = PBXBuildFile; fileRef = F64FB75F1D63049300E9E36E /* sqlite3-25.c */; };
		F64FB7881D63049300E9E36E /* sqlite3-26.c in Sources */ = {isa = PBXBuildFile; fileRef = F64FB7601D63049300E9E36E /* sqlite3-26.c */; };
		F64FB7891D63049300E9E36E /* sqlite3-27.c in Sources */ = {isa = PBXBuildFile; fileRef = F64FB7611D63049300E9E36E /* sqlite3-27.c */; };
		F64FB78A1D63049300E9E36E /* sqlite3-28.c in Sources */ = {isa = PBXBuildFile; fileRef = F64FB7621D63049300E9E36E /* sqlite3-28.c */; };
		F64FB78B1D63049300E9E36E /* sqlite3-29.c in Sources */ = {isa = PBXBuildFile; fileRef = F64FB7631D63049300E9E36E /* sqlite3-29.c */; };
		F64FB78C1D63049300E9E36E /* sqlite3-30.c in Sources */ = {isa = PBXBuildFile; fileRef = F64FB7641D63049300E9E36E /* sqlite3-30.c */; };
		F64FB78D1D63049300E9E36E /* sqlite3-31.c in Sources */ = {isa = PBXBuildFile; fileRef = F64FB7651D63049300E9E36E /* sqlite3-31.c */; };
		F64FB78E1D63049300E9E36E /* sqlite3-32.c in Sources */ = {isa = PBXBuildFile; fileRef = F64FB7661D63049300E9E36E /* sqlite3-32.c */; };
		F64FB78F1D63049300E9E36E /* sqlite3-33.c in Sources */ = {isa = PBXBuildFile; fileRef = F64FB7671D63049300E9E36E /* sqlite3-33.c */; };
		F64FB7901D63049300E9E36E /* sqlite3-34.c in Sources */ = {isa = PBXBuildFile; fileRef = F64FB7681D63049300E9E36E /* sqlite3-34.c */; };
		F64FB7911D63049300E9E36E /* sqlite3-35.c in Sources */ = {isa = PBXBuildFile; fileRef = F64FB7691D63049300E9E36E /* sqlite3-35.c */; };
		F64FB7921D63049300E9E36E /* sqlite3-36.c in Sources */ = {isa = PBXBuildFile; fileRef = F64FB76A1D63049300E9E36E /* sqlite3-36.c */; };
		F64FB7931D63049300E9E36E /* sqlite3-37.c in Sources */ = {isa = PBXBuildFile; fileRef = F64FB76B1D63049300E9E36E /* sqlite3-37.c */; };
		F64FB7941D63049300E9E36E /* sqlite3-38.c in Sources */ = {isa = PBXBuildFile; fileRef = F64FB76C1D63049300E9E36E /* sqlite3-38.c */; };
		F64FB7951D63049300E9E36E /* sqlite3-39.c in Sources */ = {isa = PBXBuildFile; fileRef = F64FB76D1D63049300E9E36E /* sqlite3-39.c */; };
		F64FB7961D63049300E9E36E /* sqlite3-all.c in Sources */ = {isa = PBXBuildFile; fileRef = F64FB76E1D63049300E9E36E /* sqlite3-all.c */; };
		F691E1091D2D178200C93504 /* main.c in Sources */ = {isa = PBXBuildFile; fileRef = F691E1081D2D178200C93504 /* main.c */; };
/* End PBXBuildFile section */

/* Begin PBXCopyFilesBuildPhase section */
		F691E1031D2D178200C93504 /* CopyFiles */ = {
			isa = PBXCopyFilesBuildPhase;
			buildActionMask = 2147483647;
			dstPath = /usr/share/man/man1/;
			dstSubfolderSpec = 0;
			files = (
			);
			runOnlyForDeploymentPostprocessing = 1;
		};
/* End PBXCopyFilesBuildPhase section */

/* Begin PBXFileReference section */
		F64FB7471D63049300E9E36E /* sqlite3-1.c */ = {isa = PBXFileReference; fileEncoding = 4; lastKnownFileType = sourcecode.c.c; name = "sqlite3-1.c"; path = "../../splited/sqlite3-1.c"; sourceTree = "<group>"; };
		F64FB7481D63049300E9E36E /* sqlite3-2.c */ = {isa = PBXFileReference; fileEncoding = 4; lastKnownFileType = sourcecode.c.c; name = "sqlite3-2.c"; path = "../../splited/sqlite3-2.c"; sourceTree = "<group>"; };
		F64FB7491D63049300E9E36E /* sqlite3-3.c */ = {isa = PBXFileReference; fileEncoding = 4; lastKnownFileType = sourcecode.c.c; name = "sqlite3-3.c"; path = "../../splited/sqlite3-3.c"; sourceTree = "<group>"; };
		F64FB74A1D63049300E9E36E /* sqlite3-4.c */ = {isa = PBXFileReference; fileEncoding = 4; lastKnownFileType = sourcecode.c.c; name = "sqlite3-4.c"; path = "../../splited/sqlite3-4.c"; sourceTree = "<group>"; };
		F64FB74B1D63049300E9E36E /* sqlite3-5.c */ = {isa = PBXFileReference; fileEncoding = 4; lastKnownFileType = sourcecode.c.c; name = "sqlite3-5.c"; path = "../../splited/sqlite3-5.c"; sourceTree = "<group>"; };
		F64FB74C1D63049300E9E36E /* sqlite3-6.c */ = {isa = PBXFileReference; fileEncoding = 4; lastKnownFileType = sourcecode.c.c; name = "sqlite3-6.c"; path = "../../splited/sqlite3-6.c"; sourceTree = "<group>"; };
		F64FB74D1D63049300E9E36E /* sqlite3-7.c */ = {isa = PBXFileReference; fileEncoding = 4; lastKnownFileType = sourcecode.c.c; name = "sqlite3-7.c"; path = "../../splited/sqlite3-7.c"; sourceTree = "<group>"; };
		F64FB74E1D63049300E9E36E /* sqlite3-8.c */ = {isa = PBXFileReference; fileEncoding = 4; lastKnownFileType = sourcecode.c.c; name = "sqlite3-8.c"; path = "../../splited/sqlite3-8.c"; sourceTree = "<group>"; };
		F64FB74F1D63049300E9E36E /* sqlite3-9.c */ = {isa = PBXFileReference; fileEncoding = 4; lastKnownFileType = sourcecode.c.c; name = "sqlite3-9.c"; path = "../../splited/sqlite3-9.c"; sourceTree = "<group>"; };
		F64FB7501D63049300E9E36E /* sqlite3-10.c */ = {isa = PBXFileReference; fileEncoding = 4; lastKnownFileType = sourcecode.c.c; name = "sqlite3-10.c"; path = "../../splited/sqlite3-10.c"; sourceTree = "<group>"; };
		F64FB7511D63049300E9E36E /* sqlite3-11.c */ = {isa = PBXFileReference; fileEncoding = 4; lastKnownFileType = sourcecode.c.c; name = "sqlite3-11.c"; path = "../../splited/sqlite3-11.c"; sourceTree = "<group>"; };
		F64FB7521D63049300E9E36E /* sqlite3-12.c */ = {isa = PBXFileReference; fileEncoding = 4; lastKnownFileType = sourcecode.c.c; name = "sqlite3-12.c"; path = "../../splited/sqlite3-12.c"; sourceTree = "<group>"; };
		F64FB7531D63049300E9E36E /* sqlite3-13.c */ = {isa = PBXFileReference; fileEncoding = 4; lastKnownFileType = sourcecode.c.c; name = "sqlite3-13.c"; path = "../../splited/sqlite3-13.c"; sourceTree = "<group>"; };
		F64FB7541D63049300E9E36E /* sqlite3-14.c */ = {isa = PBXFileReference; fileEncoding = 4; lastKnownFileType = sourcecode.c.c; name = "sqlite3-14.c"; path = "../../splited/sqlite3-14.c"; sourceTree = "<group>"; };
		F64FB7551D63049300E9E36E /* sqlite3-15.c */ = {isa = PBXFileReference; fileEncoding = 4; lastKnownFileType = sourcecode.c.c; name = "sqlite3-15.c"; path = "../../splited/sqlite3-15.c"; sourceTree = "<group>"; };
		F64FB7561D63049300E9E36E /* sqlite3-16.c */ = {isa = PBXFileReference; fileEncoding = 4; lastKnownFileType = sourcecode.c.c; name = "sqlite3-16.c"; path = "../../splited/sqlite3-16.c"; sourceTree = "<group>"; };
		F64FB7571D63049300E9E36E /* sqlite3-17.c */ = {isa = PBXFileReference; fileEncoding = 4; lastKnownFileType = sourcecode.c.c; name = "sqlite3-17.c"; path = "../../splited/sqlite3-17.c"; sourceTree = "<group>"; };
		F64FB7581D63049300E9E36E /* sqlite3-18.c */ = {isa = PBXFileReference; fileEncoding = 4; lastKnownFileType = sourcecode.c.c; name = "sqlite3-18.c"; path = "../../splited/sqlite3-18.c"; sourceTree = "<group>"; };
		F64FB7591D63049300E9E36E /* sqlite3-19.c */ = {isa = PBXFileReference; fileEncoding = 4; lastKnownFileType = sourcecode.c.c; name = "sqlite3-19.c"; path = "../../splited/sqlite3-19.c"; sourceTree = "<group>"; };
		F64FB75A1D63049300E9E36E /* sqlite3-20.c */ = {isa = PBXFileReference; fileEncoding = 4; lastKnownFileType = sourcecode.c.c; name = "sqlite3-20.c"; path = "../../splited/sqlite3-20.c"; sourceTree = "<group>"; };
		F64FB75B1D63049300E9E36E /* sqlite3-21.c */ = {isa = PBXFileReference; fileEncoding = 4; lastKnownFileType = sourcecode.c.c; name = "sqlite3-21.c"; path = "../../splited/sqlite3-21.c"; sourceTree = "<group>"; };
		F64FB75C1D63049300E9E36E /* sqlite3-22.c */ = {isa = PBXFileReference; fileEncoding = 4; lastKnownFileType = sourcecode.c.c; name = "sqlite3-22.c"; path = "../../splited/sqlite3-22.c"; sourceTree = "<group>"; };
		F64FB75D1D63049300E9E36E /* sqlite3-23.c */ = {isa = PBXFileReference; fileEncoding = 4; lastKnownFileType = sourcecode.c.c; name = "sqlite3-23.c"; path = "../../splited/sqlite3-23.c"; sourceTree = "<group>"; };
		F64FB75E1D63049300E9E36E /* sqlite3-24.c */ = {isa = PBXFileReference; fileEncoding = 4; lastKnownFileType = sourcecode.c.c; name = "sqlite3-24.c"; path = "../../splited/sqlite3-24.c"; sourceTree = "<group>"; };
		F64FB75F1D63049300E9E36E /* sqlite3-25.c */ = {isa = PBXFileReference; fileEncoding = 4; lastKnownFileType = sourcecode.c.c; name = "sqlite3-25.c"; path = "../../splited/sqlite3-25.c"; sourceTree = "<group>"; };
		F64FB7601D63049300E9E36E /* sqlite3-26.c */ = {isa = PBXFileReference; fileEncoding = 4; lastKnownFileType = sourcecode.c.c; name = "sqlite3-26.c"; path = "../../splited/sqlite3-26.c"; sourceTree = "<group>"; };
		F64FB7611D63049300E9E36E /* sqlite3-27.c */ = {isa = PBXFileReference; fileEncoding = 4; lastKnownFileType = sourcecode.c.c; name = "sqlite3-27.c"; path = "../../splited/sqlite3-27.c"; sourceTree = "<group>"; };
		F64FB7621D63049300E9E36E /* sqlite3-28.c */ = {isa = PBXFileReference; fileEncoding = 4; lastKnownFileType = sourcecode.c.c; name = "sqlite3-28.c"; path = "../../splited/sqlite3-28.c"; sourceTree = "<group>"; };
		F64FB7631D63049300E9E36E /* sqlite3-29.c */ = {isa = PBXFileReference; fileEncoding = 4; lastKnownFileType = sourcecode.c.c; name = "sqlite3-29.c"; path = "../../splited/sqlite3-29.c"; sourceTree = "<group>"; };
		F64FB7641D63049300E9E36E /* sqlite3-30.c */ = {isa = PBXFileReference; fileEncoding = 4; lastKnownFileType = sourcecode.c.c; name = "sqlite3-30.c"; path = "../../splited/sqlite3-30.c"; sourceTree = "<group>"; };
		F64FB7651D63049300E9E36E /* sqlite3-31.c */ = {isa = PBXFileReference; fileEncoding = 4; lastKnownFileType = sourcecode.c.c; name = "sqlite3-31.c"; path = "../../splited/sqlite3-31.c"; sourceTree = "<group>"; };
		F64FB7661D63049300E9E36E /* sqlite3-32.c */ = {isa = PBXFileReference; fileEncoding = 4; lastKnownFileType = sourcecode.c.c; name = "sqlite3-32.c"; path = "../../splited/sqlite3-32.c"; sourceTree = "<group>"; };
		F64FB7671D63049300E9E36E /* sqlite3-33.c */ = {isa = PBXFileReference; fileEncoding = 4; lastKnownFileType = sourcecode.c.c; name = "sqlite3-33.c"; path = "../../splited/sqlite3-33.c"; sourceTree = "<group>"; };
		F64FB7681D63049300E9E36E /* sqlite3-34.c */ = {isa = PBXFileReference; fileEncoding = 4; lastKnownFileType = sourcecode.c.c; name = "sqlite3-34.c"; path = "../../splited/sqlite3-34.c"; sourceTree = "<group>"; };
		F64FB7691D63049300E9E36E /* sqlite3-35.c */ = {isa = PBXFileReference; fileEncoding = 4; lastKnownFileType = sourcecode.c.c; name = "sqlite3-35.c"; path = "../../splited/sqlite3-35.c"; sourceTree = "<group>"; };
		F64FB76A1D63049300E9E36E /* sqlite3-36.c */ = {isa = PBXFileReference; fileEncoding = 4; lastKnownFileType = sourcecode.c.c; name = "sqlite3-36.c"; path = "../../splited/sqlite3-36.c"; sourceTree = "<group>"; };
		F64FB76B1D63049300E9E36E /* sqlite3-37.c */ = {isa = PBXFileReference; fileEncoding = 4; lastKnownFileType = sourcecode.c.c; name = "sqlite3-37.c"; path = "../../splited/sqlite3-37.c"; sourceTree = "<group>"; };
		F64FB76C1D63049300E9E36E /* sqlite3-38.c */ = {isa = PBXFileReference; fileEncoding = 4; lastKnownFileType = sourcecode.c.c; name = "sqlite3-38.c"; path = "../../splited/sqlite3-38.c"; sourceTree = "<group>"; };
		F64FB76D1D63049300E9E36E /* sqlite3-39.c */ = {isa = PBXFileReference; fileEncoding = 4; lastKnownFileType = sourcecode.c.c; name = "sqlite3-39.c"; path = "../../splited/sqlite3-39.c"; sourceTree = "<group>"; };
		F64FB76E1D63049300E9E36E /* sqlite3-all.c */ = {isa = PBXFileReference; fileEncoding = 4; lastKnownFileType = sourcecode.c.c; name = "sqlite3-all.c"; path = "../../splited/sqlite3-all.c"; sourceTree = "<group>"; };
		F691E1051D2D178200C93504 /* sqlite_test */ = {isa = PBXFileReference; explicitFileType = "compiled.mach-o.executable"; includeInIndex = 0; path = sqlite_test; sourceTree = BUILT_PRODUCTS_DIR; };
		F691E1081D2D178200C93504 /* main.c */ = {isa = PBXFileReference; lastKnownFileType = sourcecode.c.c; path = main.c; sourceTree = "<group>"; };
/* End PBXFileReference section */

/* Begin PBXFrameworksBuildPhase section */
		F691E1021D2D178200C93504 /* Frameworks */ = {
			isa = PBXFrameworksBuildPhase;
			buildActionMask = 2147483647;
			files = (
			);
			runOnlyForDeploymentPostprocessing = 0;
		};
/* End PBXFrameworksBuildPhase section */

/* Begin PBXGroup section */
		F64FB7461D63048C00E9E36E /* splited */ = {
			isa = PBXGroup;
			children = (
				F64FB7471D63049300E9E36E /* sqlite3-1.c */,
				F64FB7481D63049300E9E36E /* sqlite3-2.c */,
				F64FB7491D63049300E9E36E /* sqlite3-3.c */,
				F64FB74A1D63049300E9E36E /* sqlite3-4.c */,
				F64FB74B1D63049300E9E36E /* sqlite3-5.c */,
				F64FB74C1D63049300E9E36E /* sqlite3-6.c */,
				F64FB74D1D63049300E9E36E /* sqlite3-7.c */,
				F64FB74E1D63049300E9E36E /* sqlite3-8.c */,
				F64FB74F1D63049300E9E36E /* sqlite3-9.c */,
				F64FB7501D63049300E9E36E /* sqlite3-10.c */,
				F64FB7511D63049300E9E36E /* sqlite3-11.c */,
				F64FB7521D63049300E9E36E /* sqlite3-12.c */,
				F64FB7531D63049300E9E36E /* sqlite3-13.c */,
				F64FB7541D63049300E9E36E /* sqlite3-14.c */,
				F64FB7551D63049300E9E36E /* sqlite3-15.c */,
				F64FB7561D63049300E9E36E /* sqlite3-16.c */,
				F64FB7571D63049300E9E36E /* sqlite3-17.c */,
				F64FB7581D63049300E9E36E /* sqlite3-18.c */,
				F64FB7591D63049300E9E36E /* sqlite3-19.c */,
				F64FB75A1D63049300E9E36E /* sqlite3-20.c */,
				F64FB75B1D63049300E9E36E /* sqlite3-21.c */,
				F64FB75C1D63049300E9E36E /* sqlite3-22.c */,
				F64FB75D1D63049300E9E36E /* sqlite3-23.c */,
				F64FB75E1D63049300E9E36E /* sqlite3-24.c */,
				F64FB75F1D63049300E9E36E /* sqlite3-25.c */,
				F64FB7601D63049300E9E36E /* sqlite3-26.c */,
				F64FB7611D63049300E9E36E /* sqlite3-27.c */,
				F64FB7621D63049300E9E36E /* sqlite3-28.c */,
				F64FB7631D63049300E9E36E /* sqlite3-29.c */,
				F64FB7641D63049300E9E36E /* sqlite3-30.c */,
				F64FB7651D63049300E9E36E /* sqlite3-31.c */,
				F64FB7661D63049300E9E36E /* sqlite3-32.c */,
				F64FB7671D63049300E9E36E /* sqlite3-33.c */,
				F64FB7681D63049300E9E36E /* sqlite3-34.c */,
				F64FB7691D63049300E9E36E /* sqlite3-35.c */,
				F64FB76A1D63049300E9E36E /* sqlite3-36.c */,
				F64FB76B1D63049300E9E36E /* sqlite3-37.c */,
				F64FB76C1D63049300E9E36E /* sqlite3-38.c */,
				F64FB76D1D63049300E9E36E /* sqlite3-39.c */,
				F64FB76E1D63049300E9E36E /* sqlite3-all.c */,
			);
			name = splited;
			sourceTree = "<group>";
		};
		F691E0FC1D2D178200C93504 = {
			isa = PBXGroup;
			children = (
				F64FB7461D63048C00E9E36E /* splited */,
				F691E1071D2D178200C93504 /* sqlite_test */,
				F691E1061D2D178200C93504 /* Products */,
			);
			sourceTree = "<group>";
		};
		F691E1061D2D178200C93504 /* Products */ = {
			isa = PBXGroup;
			children = (
				F691E1051D2D178200C93504 /* sqlite_test */,
			);
			name = Products;
			sourceTree = "<group>";
		};
		F691E1071D2D178200C93504 /* sqlite_test */ = {
			isa = PBXGroup;
			children = (
				F691E1081D2D178200C93504 /* main.c */,
			);
			path = sqlite_test;
			sourceTree = "<group>";
		};
/* End PBXGroup section */

/* Begin PBXNativeTarget section */
		F691E1041D2D178200C93504 /* sqlite_test */ = {
			isa = PBXNativeTarget;
			buildConfigurationList = F691E10C1D2D178200C93504 /* Build configuration list for PBXNativeTarget "sqlite_test" */;
			buildPhases = (
				F691E33F1D2D201200C93504 /* Make Project */,
				F691E3441D2D216800C93504 /* Construct Splited Sources */,
				F691E1011D2D178200C93504 /* Sources */,
				F691E1021D2D178200C93504 /* Frameworks */,
				F691E1031D2D178200C93504 /* CopyFiles */,
			);
			buildRules = (
			);
			dependencies = (
			);
			name = sqlite_test;
			productName = sqlite_test;
			productReference = F691E1051D2D178200C93504 /* sqlite_test */;
			productType = "com.apple.product-type.tool";
		};
/* End PBXNativeTarget section */

/* Begin PBXProject section */
		F691E0FD1D2D178200C93504 /* Project object */ = {
			isa = PBXProject;
			attributes = {
				LastUpgradeCheck = 0730;
				ORGANIZATIONNAME = Purple;
				TargetAttributes = {
					F691E1041D2D178200C93504 = {
						CreatedOnToolsVersion = 7.3.1;
					};
				};
			};
			buildConfigurationList = F691E1001D2D178200C93504 /* Build configuration list for PBXProject "sqlite_test" */;
			compatibilityVersion = "Xcode 3.2";
			developmentRegion = English;
			hasScannedForEncodings = 0;
			knownRegions = (
				en,
			);
			mainGroup = F691E0FC1D2D178200C93504;
			productRefGroup = F691E1061D2D178200C93504 /* Products */;
			projectDirPath = "";
			projectRoot = "";
			targets = (
				F691E1041D2D178200C93504 /* sqlite_test */,
			);
		};
/* End PBXProject section */

/* Begin PBXShellScriptBuildPhase section */
		F691E33F1D2D201200C93504 /* Make Project */ = {
			isa = PBXShellScriptBuildPhase;
			buildActionMask = 2147483647;
			files = (
			);
			inputPaths = (
			);
			name = "Make Project";
			outputPaths = (
			);
			runOnlyForDeploymentPostprocessing = 0;
			shellPath = /bin/sh;
			shellScript = "make -j8 ${HOME}/Dropbox/ug/sqlite";
		};
		F691E3441D2D216800C93504 /* Construct Splited Sources */ = {
			isa = PBXShellScriptBuildPhase;
			buildActionMask = 2147483647;
			files = (
			);
			inputPaths = (
			);
			name = "Construct Splited Sources";
			outputPaths = (
			);
			runOnlyForDeploymentPostprocessing = 0;
			shellPath = /bin/sh;
			shellScript = "cd ${HOME}/Dropbox/ug/sqlite\ntclsh ${HOME}/Dropbox/ug/sqlite/tool/split-sqlite3c.tcl";
		};
/* End PBXShellScriptBuildPhase section */

/* Begin PBXSourcesBuildPhase section */
		F691E1011D2D178200C93504 /* Sources */ = {
			isa = PBXSourcesBuildPhase;
			buildActionMask = 2147483647;
			files = (
				F64FB7831D63049300E9E36E /* sqlite3-21.c in Sources */,
				F64FB7961D63049300E9E36E /* sqlite3-all.c in Sources */,
				F691E1091D2D178200C93504 /* main.c in Sources */,
				F64FB78B1D63049300E9E36E /* sqlite3-29.c in Sources */,
				F64FB7951D63049300E9E36E /* sqlite3-39.c in Sources */,
				F64FB7901D63049300E9E36E /* sqlite3-34.c in Sources */,
				F64FB7861D63049300E9E36E /* sqlite3-24.c in Sources */,
				F64FB78E1D63049300E9E36E /* sqlite3-32.c in Sources */,
				F64FB7811D63049300E9E36E /* sqlite3-19.c in Sources */,
				F64FB7731D63049300E9E36E /* sqlite3-5.c in Sources */,
				F64FB7711D63049300E9E36E /* sqlite3-3.c in Sources */,
				F64FB7701D63049300E9E36E /* sqlite3-2.c in Sources */,
				F64FB7761D63049300E9E36E /* sqlite3-8.c in Sources */,
				F64FB7931D63049300E9E36E /* sqlite3-37.c in Sources */,
				F64FB7891D63049300E9E36E /* sqlite3-27.c in Sources */,
				F64FB7881D63049300E9E36E /* sqlite3-26.c in Sources */,
				F64FB77D1D63049300E9E36E /* sqlite3-15.c in Sources */,
				F64FB77E1D63049300E9E36E /* sqlite3-16.c in Sources */,
				F64FB7821D63049300E9E36E /* sqlite3-20.c in Sources */,
				F64FB76F1D63049300E9E36E /* sqlite3-1.c in Sources */,
				F64FB7921D63049300E9E36E /* sqlite3-36.c in Sources */,
				F64FB77C1D63049300E9E36E /* sqlite3-14.c in Sources */,
				F64FB7751D63049300E9E36E /* sqlite3-7.c in Sources */,
				F64FB7911D63049300E9E36E /* sqlite3-35.c in Sources */,
				F64FB7781D63049300E9E36E /* sqlite3-10.c in Sources */,
				F64FB7841D63049300E9E36E /* sqlite3-22.c in Sources */,
				F64FB78D1D63049300E9E36E /* sqlite3-31.c in Sources */,
				F64FB7801D63049300E9E36E /* sqlite3-18.c in Sources */,
				F64FB7721D63049300E9E36E /* sqlite3-4.c in Sources */,
				F64FB78F1D63049300E9E36E /* sqlite3-33.c in Sources */,
				F64FB78A1D63049300E9E36E /* sqlite3-28.c in Sources */,
				F64FB7791D63049300E9E36E /* sqlite3-11.c in Sources */,
				F64FB78C1D63049300E9E36E /* sqlite3-30.c in Sources */,
				F64FB7741D63049300E9E36E /* sqlite3-6.c in Sources */,
				F64FB77A1D63049300E9E36E /* sqlite3-12.c in Sources */,
				F64FB7851D63049300E9E36E /* sqlite3-23.c in Sources */,
				F64FB77F1D63049300E9E36E /* sqlite3-17.c in Sources */,
				F64FB7771D63049300E9E36E /* sqlite3-9.c in Sources */,
				F64FB7871D63049300E9E36E /* sqlite3-25.c in Sources */,
				F64FB7941D63049300E9E36E /* sqlite3-38.c in Sources */,
				F64FB77B1D63049300E9E36E /* sqlite3-13.c in Sources */,
			);
			runOnlyForDeploymentPostprocessing = 0;
		};
/* End PBXSourcesBuildPhase section */

/* Begin XCBuildConfiguration section */
		F691E10A1D2D178200C93504 /* Debug */ = {
			isa = XCBuildConfiguration;
			buildSettings = {
				ALWAYS_SEARCH_USER_PATHS = NO;
				CLANG_ANALYZER_NONNULL = YES;
				CLANG_CXX_LANGUAGE_STANDARD = "gnu++0x";
				CLANG_CXX_LIBRARY = "libc++";
				CLANG_ENABLE_MODULES = YES;
				CLANG_ENABLE_OBJC_ARC = YES;
				CLANG_WARN_BOOL_CONVERSION = YES;
				CLANG_WARN_CONSTANT_CONVERSION = YES;
				CLANG_WARN_DIRECT_OBJC_ISA_USAGE = YES_ERROR;
				CLANG_WARN_EMPTY_BODY = YES;
				CLANG_WARN_ENUM_CONVERSION = YES;
				CLANG_WARN_INT_CONVERSION = YES;
				CLANG_WARN_OBJC_ROOT_CLASS = YES_ERROR;
				CLANG_WARN_UNREACHABLE_CODE = YES;
				CLANG_WARN__DUPLICATE_METHOD_MATCH = YES;
				CODE_SIGN_IDENTITY = "-";
				COPY_PHASE_STRIP = NO;
				DEBUG_INFORMATION_FORMAT = dwarf;
				ENABLE_STRICT_OBJC_MSGSEND = YES;
				ENABLE_TESTABILITY = YES;
				GCC_C_LANGUAGE_STANDARD = gnu99;
				GCC_DYNAMIC_NO_PIC = NO;
				GCC_NO_COMMON_BLOCKS = YES;
				GCC_OPTIMIZATION_LEVEL = 0;
				GCC_PREPROCESSOR_DEFINITIONS = (
					"DEBUG=1",
					"$(inherited)",
				);
				GCC_WARN_64_TO_32_BIT_CONVERSION = YES;
				GCC_WARN_ABOUT_RETURN_TYPE = YES_ERROR;
				GCC_WARN_UNDECLARED_SELECTOR = YES;
				GCC_WARN_UNINITIALIZED_AUTOS = YES_AGGRESSIVE;
				GCC_WARN_UNUSED_FUNCTION = YES;
				GCC_WARN_UNUSED_VARIABLE = YES;
				MACOSX_DEPLOYMENT_TARGET = 10.11;
				MTL_ENABLE_DEBUG_INFO = YES;
				ONLY_ACTIVE_ARCH = YES;
				SDKROOT = macosx;
			};
			name = Debug;
		};
		F691E10B1D2D178200C93504 /* Release */ = {
			isa = XCBuildConfiguration;
			buildSettings = {
				ALWAYS_SEARCH_USER_PATHS = NO;
				CLANG_ANALYZER_NONNULL = YES;
				CLANG_CXX_LANGUAGE_STANDARD = "gnu++0x";
				CLANG_CXX_LIBRARY = "libc++";
				CLANG_ENABLE_MODULES = YES;
				CLANG_ENABLE_OBJC_ARC = YES;
				CLANG_WARN_BOOL_CONVERSION = YES;
				CLANG_WARN_CONSTANT_CONVERSION = YES;
				CLANG_WARN_DIRECT_OBJC_ISA_USAGE = YES_ERROR;
				CLANG_WARN_EMPTY_BODY = YES;
				CLANG_WARN_ENUM_CONVERSION = YES;
				CLANG_WARN_INT_CONVERSION = YES;
				CLANG_WARN_OBJC_ROOT_CLASS = YES_ERROR;
				CLANG_WARN_UNREACHABLE_CODE = YES;
				CLANG_WARN__DUPLICATE_METHOD_MATCH = YES;
				CODE_SIGN_IDENTITY = "-";
				COPY_PHASE_STRIP = NO;
				DEBUG_INFORMATION_FORMAT = "dwarf-with-dsym";
				ENABLE_NS_ASSERTIONS = NO;
				ENABLE_STRICT_OBJC_MSGSEND = YES;
				GCC_C_LANGUAGE_STANDARD = gnu99;
				GCC_NO_COMMON_BLOCKS = YES;
				GCC_WARN_64_TO_32_BIT_CONVERSION = YES;
				GCC_WARN_ABOUT_RETURN_TYPE = YES_ERROR;
				GCC_WARN_UNDECLARED_SELECTOR = YES;
				GCC_WARN_UNINITIALIZED_AUTOS = YES_AGGRESSIVE;
				GCC_WARN_UNUSED_FUNCTION = YES;
				GCC_WARN_UNUSED_VARIABLE = YES;
				MACOSX_DEPLOYMENT_TARGET = 10.11;
				MTL_ENABLE_DEBUG_INFO = NO;
				SDKROOT = macosx;
			};
			name = Release;
		};
		F691E10D1D2D178200C93504 /* Debug */ = {
			isa = XCBuildConfiguration;
			buildSettings = {
				HEADER_SEARCH_PATHS = /Users/Purple/Dropbox/ug/sqlite;
				PRODUCT_NAME = "$(TARGET_NAME)";
			};
			name = Debug;
		};
		F691E10E1D2D178200C93504 /* Release */ = {
			isa = XCBuildConfiguration;
			buildSettings = {
				HEADER_SEARCH_PATHS = /Users/Purple/Dropbox/ug/sqlite;
				PRODUCT_NAME = "$(TARGET_NAME)";
			};
			name = Release;
		};
/* End XCBuildConfiguration section */

/* Begin XCConfigurationList section */
		F691E1001D2D178200C93504 /* Build configuration list for PBXProject "sqlite_test" */ = {
			isa = XCConfigurationList;
			buildConfigurations = (
				F691E10A1D2D178200C93504 /* Debug */,
				F691E10B1D2D178200C93504 /* Release */,
			);
			defaultConfigurationIsVisible = 0;
			defaultConfigurationName = Release;
		};
		F691E10C1D2D178200C93504 /* Build configuration list for PBXNativeTarget "sqlite_test" */ = {
			isa = XCConfigurationList;
			buildConfigurations = (
				F691E10D1D2D178200C93504 /* Debug */,
				F691E10E1D2D178200C93504 /* Release */,
			);
			defaultConfigurationIsVisible = 0;
			defaultConfigurationName = Release;
		};
/* End XCConfigurationList section */
	};
	rootObject = F691E0FD1D2D178200C93504 /* Project object */;
}
